// !$*UTF8*$!
{
	archiveVersion = 1;
	classes = {
	};
	objectVersion = 50;
	objects = {

/* Begin PBXBuildFile section */
		27275814208F08E400DECFF2 /* NetworkDelegate.swift in Sources */ = {isa = PBXBuildFile; fileRef = 27275813208F08E400DECFF2 /* NetworkDelegate.swift */; };
		2781397120B8FE59000A067A /* Images.xcassets in Resources */ = {isa = PBXBuildFile; fileRef = 2781397020B8FE59000A067A /* Images.xcassets */; };
		27945CE4209AD26C008FFAF8 /* PortraitView.swift in Sources */ = {isa = PBXBuildFile; fileRef = 27945CE3209AD26C008FFAF8 /* PortraitView.swift */; };
		27CBD59D208ABC5D000B3F01 /* CoreMotion.framework in Frameworks */ = {isa = PBXBuildFile; fileRef = 27CBD59C208ABC5C000B3F01 /* CoreMotion.framework */; };
		27D3DCB620BD24EB007C0BA6 /* HomeKit.framework in Frameworks */ = {isa = PBXBuildFile; fileRef = 27D3DCB520BD24EB007C0BA6 /* HomeKit.framework */; };
		520ED4FC208EEC14007C53B5 /* Path.swift in Sources */ = {isa = PBXBuildFile; fileRef = 520ED4FB208EEC14007C53B5 /* Path.swift */; };
		52882C8720AFA1BE0040A80C /* Constants.swift in Sources */ = {isa = PBXBuildFile; fileRef = 52882C8620AFA1BE0040A80C /* Constants.swift */; };
		52BA0674208ACB1000414912 /* RecognitionAPI.swift in Sources */ = {isa = PBXBuildFile; fileRef = 52BA0673208ACB1000414912 /* RecognitionAPI.swift */; };
		AA9D1EE6207A9DEE005AA382 /* AppDelegate.swift in Sources */ = {isa = PBXBuildFile; fileRef = AA9D1EE5207A9DEE005AA382 /* AppDelegate.swift */; };
		AA9D1EE8207A9DEE005AA382 /* ViewController.swift in Sources */ = {isa = PBXBuildFile; fileRef = AA9D1EE7207A9DEE005AA382 /* ViewController.swift */; };
		AA9D1EEB207A9DEE005AA382 /* Main.storyboard in Resources */ = {isa = PBXBuildFile; fileRef = AA9D1EE9207A9DEE005AA382 /* Main.storyboard */; };
		AA9D1EF0207A9DEF005AA382 /* LaunchScreen.storyboard in Resources */ = {isa = PBXBuildFile; fileRef = AA9D1EEE207A9DEF005AA382 /* LaunchScreen.storyboard */; };
		AA9D1EFB207A9DF0005AA382 /* scribbleNativeTests.swift in Sources */ = {isa = PBXBuildFile; fileRef = AA9D1EFA207A9DF0005AA382 /* scribbleNativeTests.swift */; };
		AA9D1F06207A9DF0005AA382 /* scribbleNativeUITests.swift in Sources */ = {isa = PBXBuildFile; fileRef = AA9D1F05207A9DF0005AA382 /* scribbleNativeUITests.swift */; };
		AAEF40BB207AAEB000E0C644 /* ScribbleView.swift in Sources */ = {isa = PBXBuildFile; fileRef = AAEF40BA207AAEB000E0C644 /* ScribbleView.swift */; };
		AAEF40BF207AAF7C00E0C644 /* Stroke.swift in Sources */ = {isa = PBXBuildFile; fileRef = AAEF40BE207AAF7C00E0C644 /* Stroke.swift */; };
		FD15185B719177748290C375 /* Pods_scribbleNative.framework in Frameworks */ = {isa = PBXBuildFile; fileRef = 8BC13FD7BFB5BCB35C03DF65 /* Pods_scribbleNative.framework */; };
/* End PBXBuildFile section */

/* Begin PBXContainerItemProxy section */
		AA9D1EF7207A9DF0005AA382 /* PBXContainerItemProxy */ = {
			isa = PBXContainerItemProxy;
			containerPortal = AA9D1EDA207A9DEE005AA382 /* Project object */;
			proxyType = 1;
			remoteGlobalIDString = AA9D1EE1207A9DEE005AA382;
			remoteInfo = scribbleNative;
		};
		AA9D1F02207A9DF0005AA382 /* PBXContainerItemProxy */ = {
			isa = PBXContainerItemProxy;
			containerPortal = AA9D1EDA207A9DEE005AA382 /* Project object */;
			proxyType = 1;
			remoteGlobalIDString = AA9D1EE1207A9DEE005AA382;
			remoteInfo = scribbleNative;
		};
/* End PBXContainerItemProxy section */

/* Begin PBXFileReference section */
		27275813208F08E400DECFF2 /* NetworkDelegate.swift */ = {isa = PBXFileReference; lastKnownFileType = sourcecode.swift; path = NetworkDelegate.swift; sourceTree = "<group>"; };
		2781395720B8DBA2000A067A /* scribbleNative.entitlements */ = {isa = PBXFileReference; lastKnownFileType = text.plist.entitlements; path = scribbleNative.entitlements; sourceTree = "<group>"; };
		2781397020B8FE59000A067A /* Images.xcassets */ = {isa = PBXFileReference; lastKnownFileType = folder.assetcatalog; path = Images.xcassets; sourceTree = "<group>"; };
		27945CE3209AD26C008FFAF8 /* PortraitView.swift */ = {isa = PBXFileReference; lastKnownFileType = sourcecode.swift; path = PortraitView.swift; sourceTree = "<group>"; };
		27CBD59C208ABC5C000B3F01 /* CoreMotion.framework */ = {isa = PBXFileReference; lastKnownFileType = wrapper.framework; name = CoreMotion.framework; path = System/Library/Frameworks/CoreMotion.framework; sourceTree = SDKROOT; };
		27D3DCB520BD24EB007C0BA6 /* HomeKit.framework */ = {isa = PBXFileReference; lastKnownFileType = wrapper.framework; name = HomeKit.framework; path = System/Library/Frameworks/HomeKit.framework; sourceTree = SDKROOT; };
		520ED4FB208EEC14007C53B5 /* Path.swift */ = {isa = PBXFileReference; lastKnownFileType = sourcecode.swift; path = Path.swift; sourceTree = "<group>"; };
		52882C8620AFA1BE0040A80C /* Constants.swift */ = {isa = PBXFileReference; lastKnownFileType = sourcecode.swift; path = Constants.swift; sourceTree = "<group>"; };
		52BA0673208ACB1000414912 /* RecognitionAPI.swift */ = {isa = PBXFileReference; lastKnownFileType = sourcecode.swift; path = RecognitionAPI.swift; sourceTree = "<group>"; };
		8BC13FD7BFB5BCB35C03DF65 /* Pods_scribbleNative.framework */ = {isa = PBXFileReference; explicitFileType = wrapper.framework; includeInIndex = 0; path = Pods_scribbleNative.framework; sourceTree = BUILT_PRODUCTS_DIR; };
		AA9D1EE2207A9DEE005AA382 /* scribbleNative.app */ = {isa = PBXFileReference; explicitFileType = wrapper.application; includeInIndex = 0; path = scribbleNative.app; sourceTree = BUILT_PRODUCTS_DIR; };
		AA9D1EE5207A9DEE005AA382 /* AppDelegate.swift */ = {isa = PBXFileReference; lastKnownFileType = sourcecode.swift; path = AppDelegate.swift; sourceTree = "<group>"; };
		AA9D1EE7207A9DEE005AA382 /* ViewController.swift */ = {isa = PBXFileReference; lastKnownFileType = sourcecode.swift; path = ViewController.swift; sourceTree = "<group>"; };
		AA9D1EEA207A9DEE005AA382 /* Base */ = {isa = PBXFileReference; lastKnownFileType = file.storyboard; name = Base; path = Base.lproj/Main.storyboard; sourceTree = "<group>"; };
		AA9D1EEF207A9DEF005AA382 /* Base */ = {isa = PBXFileReference; lastKnownFileType = file.storyboard; name = Base; path = Base.lproj/LaunchScreen.storyboard; sourceTree = "<group>"; };
		AA9D1EF1207A9DEF005AA382 /* Info.plist */ = {isa = PBXFileReference; lastKnownFileType = text.plist.xml; path = Info.plist; sourceTree = "<group>"; };
		AA9D1EF6207A9DF0005AA382 /* scribbleNativeTests.xctest */ = {isa = PBXFileReference; explicitFileType = wrapper.cfbundle; includeInIndex = 0; path = scribbleNativeTests.xctest; sourceTree = BUILT_PRODUCTS_DIR; };
		AA9D1EFA207A9DF0005AA382 /* scribbleNativeTests.swift */ = {isa = PBXFileReference; lastKnownFileType = sourcecode.swift; path = scribbleNativeTests.swift; sourceTree = "<group>"; };
		AA9D1EFC207A9DF0005AA382 /* Info.plist */ = {isa = PBXFileReference; lastKnownFileType = text.plist.xml; path = Info.plist; sourceTree = "<group>"; };
		AA9D1F01207A9DF0005AA382 /* scribbleNativeUITests.xctest */ = {isa = PBXFileReference; explicitFileType = wrapper.cfbundle; includeInIndex = 0; path = scribbleNativeUITests.xctest; sourceTree = BUILT_PRODUCTS_DIR; };
		AA9D1F05207A9DF0005AA382 /* scribbleNativeUITests.swift */ = {isa = PBXFileReference; lastKnownFileType = sourcecode.swift; path = scribbleNativeUITests.swift; sourceTree = "<group>"; };
		AA9D1F07207A9DF0005AA382 /* Info.plist */ = {isa = PBXFileReference; lastKnownFileType = text.plist.xml; path = Info.plist; sourceTree = "<group>"; };
		AAEF40BA207AAEB000E0C644 /* ScribbleView.swift */ = {isa = PBXFileReference; lastKnownFileType = sourcecode.swift; path = ScribbleView.swift; sourceTree = "<group>"; };
		AAEF40BE207AAF7C00E0C644 /* Stroke.swift */ = {isa = PBXFileReference; lastKnownFileType = sourcecode.swift; path = Stroke.swift; sourceTree = "<group>"; };
		D467144F9A1528ABD285C488 /* Pods-scribbleNative.debug.xcconfig */ = {isa = PBXFileReference; includeInIndex = 1; lastKnownFileType = text.xcconfig; name = "Pods-scribbleNative.debug.xcconfig"; path = "Pods/Target Support Files/Pods-scribbleNative/Pods-scribbleNative.debug.xcconfig"; sourceTree = "<group>"; };
		D517498672E4CC53D7E10770 /* Pods-scribbleNative.release.xcconfig */ = {isa = PBXFileReference; includeInIndex = 1; lastKnownFileType = text.xcconfig; name = "Pods-scribbleNative.release.xcconfig"; path = "Pods/Target Support Files/Pods-scribbleNative/Pods-scribbleNative.release.xcconfig"; sourceTree = "<group>"; };
/* End PBXFileReference section */

/* Begin PBXFrameworksBuildPhase section */
		AA9D1EDF207A9DEE005AA382 /* Frameworks */ = {
			isa = PBXFrameworksBuildPhase;
			buildActionMask = 2147483647;
			files = (
				27D3DCB620BD24EB007C0BA6 /* HomeKit.framework in Frameworks */,
				27CBD59D208ABC5D000B3F01 /* CoreMotion.framework in Frameworks */,
				FD15185B719177748290C375 /* Pods_scribbleNative.framework in Frameworks */,
			);
			runOnlyForDeploymentPostprocessing = 0;
		};
		AA9D1EF3207A9DF0005AA382 /* Frameworks */ = {
			isa = PBXFrameworksBuildPhase;
			buildActionMask = 2147483647;
			files = (
			);
			runOnlyForDeploymentPostprocessing = 0;
		};
		AA9D1EFE207A9DF0005AA382 /* Frameworks */ = {
			isa = PBXFrameworksBuildPhase;
			buildActionMask = 2147483647;
			files = (
			);
			runOnlyForDeploymentPostprocessing = 0;
		};
/* End PBXFrameworksBuildPhase section */

/* Begin PBXGroup section */
		39CA9450B30CF21650F590FD /* Frameworks */ = {
			isa = PBXGroup;
			children = (
				27D3DCB520BD24EB007C0BA6 /* HomeKit.framework */,
				27CBD59C208ABC5C000B3F01 /* CoreMotion.framework */,
				8BC13FD7BFB5BCB35C03DF65 /* Pods_scribbleNative.framework */,
			);
			name = Frameworks;
			sourceTree = "<group>";
		};
		8100D3B9D64649FC2322CABA /* Pods */ = {
			isa = PBXGroup;
			children = (
				D467144F9A1528ABD285C488 /* Pods-scribbleNative.debug.xcconfig */,
				D517498672E4CC53D7E10770 /* Pods-scribbleNative.release.xcconfig */,
			);
			name = Pods;
			sourceTree = "<group>";
		};
		AA9D1ED9207A9DEE005AA382 = {
			isa = PBXGroup;
			children = (
				AA9D1EE4207A9DEE005AA382 /* scribbleNative */,
				AA9D1EF9207A9DF0005AA382 /* scribbleNativeTests */,
				AA9D1F04207A9DF0005AA382 /* scribbleNativeUITests */,
				AA9D1EE3207A9DEE005AA382 /* Products */,
				8100D3B9D64649FC2322CABA /* Pods */,
				39CA9450B30CF21650F590FD /* Frameworks */,
			);
			sourceTree = "<group>";
		};
		AA9D1EE3207A9DEE005AA382 /* Products */ = {
			isa = PBXGroup;
			children = (
				AA9D1EE2207A9DEE005AA382 /* scribbleNative.app */,
				AA9D1EF6207A9DF0005AA382 /* scribbleNativeTests.xctest */,
				AA9D1F01207A9DF0005AA382 /* scribbleNativeUITests.xctest */,
			);
			name = Products;
			sourceTree = "<group>";
		};
		AA9D1EE4207A9DEE005AA382 /* scribbleNative */ = {
			isa = PBXGroup;
			children = (
				2781397020B8FE59000A067A /* Images.xcassets */,
				2781395720B8DBA2000A067A /* scribbleNative.entitlements */,
				AA9D1EE5207A9DEE005AA382 /* AppDelegate.swift */,
				AA9D1EE7207A9DEE005AA382 /* ViewController.swift */,
				AAEF40BE207AAF7C00E0C644 /* Stroke.swift */,
				AAEF40BA207AAEB000E0C644 /* ScribbleView.swift */,
				27275813208F08E400DECFF2 /* NetworkDelegate.swift */,
				AA9D1EE9207A9DEE005AA382 /* Main.storyboard */,
				27945CE3209AD26C008FFAF8 /* PortraitView.swift */,
				AA9D1EEE207A9DEF005AA382 /* LaunchScreen.storyboard */,
				AA9D1EF1207A9DEF005AA382 /* Info.plist */,
				52BA0673208ACB1000414912 /* RecognitionAPI.swift */,
				520ED4FB208EEC14007C53B5 /* Path.swift */,
				52882C8620AFA1BE0040A80C /* Constants.swift */,
			);
			path = scribbleNative;
			sourceTree = "<group>";
		};
		AA9D1EF9207A9DF0005AA382 /* scribbleNativeTests */ = {
			isa = PBXGroup;
			children = (
				AA9D1EFA207A9DF0005AA382 /* scribbleNativeTests.swift */,
				AA9D1EFC207A9DF0005AA382 /* Info.plist */,
			);
			path = scribbleNativeTests;
			sourceTree = "<group>";
		};
		AA9D1F04207A9DF0005AA382 /* scribbleNativeUITests */ = {
			isa = PBXGroup;
			children = (
				AA9D1F05207A9DF0005AA382 /* scribbleNativeUITests.swift */,
				AA9D1F07207A9DF0005AA382 /* Info.plist */,
			);
			path = scribbleNativeUITests;
			sourceTree = "<group>";
		};
/* End PBXGroup section */

/* Begin PBXNativeTarget section */
		AA9D1EE1207A9DEE005AA382 /* scribbleNative */ = {
			isa = PBXNativeTarget;
			buildConfigurationList = AA9D1F0A207A9DF0005AA382 /* Build configuration list for PBXNativeTarget "scribbleNative" */;
			buildPhases = (
				BE02C30ADA99C0F9CF3655F3 /* [CP] Check Pods Manifest.lock */,
				AA9D1EDE207A9DEE005AA382 /* Sources */,
				AA9D1EDF207A9DEE005AA382 /* Frameworks */,
				AA9D1EE0207A9DEE005AA382 /* Resources */,
				1CAD2A2B9753169DA76D320E /* [CP] Embed Pods Frameworks */,
			);
			buildRules = (
			);
			dependencies = (
			);
			name = scribbleNative;
			productName = scribbleNative;
			productReference = AA9D1EE2207A9DEE005AA382 /* scribbleNative.app */;
			productType = "com.apple.product-type.application";
		};
		AA9D1EF5207A9DF0005AA382 /* scribbleNativeTests */ = {
			isa = PBXNativeTarget;
			buildConfigurationList = AA9D1F0D207A9DF0005AA382 /* Build configuration list for PBXNativeTarget "scribbleNativeTests" */;
			buildPhases = (
				AA9D1EF2207A9DF0005AA382 /* Sources */,
				AA9D1EF3207A9DF0005AA382 /* Frameworks */,
				AA9D1EF4207A9DF0005AA382 /* Resources */,
			);
			buildRules = (
			);
			dependencies = (
				AA9D1EF8207A9DF0005AA382 /* PBXTargetDependency */,
			);
			name = scribbleNativeTests;
			productName = scribbleNativeTests;
			productReference = AA9D1EF6207A9DF0005AA382 /* scribbleNativeTests.xctest */;
			productType = "com.apple.product-type.bundle.unit-test";
		};
		AA9D1F00207A9DF0005AA382 /* scribbleNativeUITests */ = {
			isa = PBXNativeTarget;
			buildConfigurationList = AA9D1F10207A9DF0005AA382 /* Build configuration list for PBXNativeTarget "scribbleNativeUITests" */;
			buildPhases = (
				AA9D1EFD207A9DF0005AA382 /* Sources */,
				AA9D1EFE207A9DF0005AA382 /* Frameworks */,
				AA9D1EFF207A9DF0005AA382 /* Resources */,
			);
			buildRules = (
			);
			dependencies = (
				AA9D1F03207A9DF0005AA382 /* PBXTargetDependency */,
			);
			name = scribbleNativeUITests;
			productName = scribbleNativeUITests;
			productReference = AA9D1F01207A9DF0005AA382 /* scribbleNativeUITests.xctest */;
			productType = "com.apple.product-type.bundle.ui-testing";
		};
/* End PBXNativeTarget section */

/* Begin PBXProject section */
		AA9D1EDA207A9DEE005AA382 /* Project object */ = {
			isa = PBXProject;
			attributes = {
				LastSwiftUpdateCheck = 0930;
				LastUpgradeCheck = 0930;
				ORGANIZATIONNAME = "Christian Valadez";
				TargetAttributes = {
					AA9D1EE1207A9DEE005AA382 = {
						CreatedOnToolsVersion = 9.3;
						SystemCapabilities = {
							com.apple.ApplePay = {
								enabled = 0;
							};
							com.apple.BackgroundModes = {
								enabled = 0;
							};
							com.apple.GameCenter.iOS = {
								enabled = 0;
							};
							com.apple.HomeKit = {
								enabled = 1;
							};
							com.apple.InAppPurchase = {
								enabled = 0;
							};
							com.apple.Push = {
								enabled = 0;
							};
							com.apple.Siri = {
								enabled = 0;
							};
							com.apple.Wallet = {
								enabled = 0;
							};
							com.apple.iCloud = {
								enabled = 0;
							};
						};
					};
					AA9D1EF5207A9DF0005AA382 = {
						CreatedOnToolsVersion = 9.3;
						TestTargetID = AA9D1EE1207A9DEE005AA382;
					};
					AA9D1F00207A9DF0005AA382 = {
						CreatedOnToolsVersion = 9.3;
						TestTargetID = AA9D1EE1207A9DEE005AA382;
					};
				};
			};
			buildConfigurationList = AA9D1EDD207A9DEE005AA382 /* Build configuration list for PBXProject "scribbleNative" */;
			compatibilityVersion = "Xcode 9.3";
			developmentRegion = en;
			hasScannedForEncodings = 0;
			knownRegions = (
				en,
				Base,
			);
			mainGroup = AA9D1ED9207A9DEE005AA382;
			productRefGroup = AA9D1EE3207A9DEE005AA382 /* Products */;
			projectDirPath = "";
			projectRoot = "";
			targets = (
				AA9D1EE1207A9DEE005AA382 /* scribbleNative */,
				AA9D1EF5207A9DF0005AA382 /* scribbleNativeTests */,
				AA9D1F00207A9DF0005AA382 /* scribbleNativeUITests */,
			);
		};
/* End PBXProject section */

/* Begin PBXResourcesBuildPhase section */
		AA9D1EE0207A9DEE005AA382 /* Resources */ = {
			isa = PBXResourcesBuildPhase;
			buildActionMask = 2147483647;
			files = (
				2781397120B8FE59000A067A /* Images.xcassets in Resources */,
				AA9D1EF0207A9DEF005AA382 /* LaunchScreen.storyboard in Resources */,
				AA9D1EEB207A9DEE005AA382 /* Main.storyboard in Resources */,
			);
			runOnlyForDeploymentPostprocessing = 0;
		};
		AA9D1EF4207A9DF0005AA382 /* Resources */ = {
			isa = PBXResourcesBuildPhase;
			buildActionMask = 2147483647;
			files = (
			);
			runOnlyForDeploymentPostprocessing = 0;
		};
		AA9D1EFF207A9DF0005AA382 /* Resources */ = {
			isa = PBXResourcesBuildPhase;
			buildActionMask = 2147483647;
			files = (
			);
			runOnlyForDeploymentPostprocessing = 0;
		};
/* End PBXResourcesBuildPhase section */

/* Begin PBXShellScriptBuildPhase section */
		1CAD2A2B9753169DA76D320E /* [CP] Embed Pods Frameworks */ = {
			isa = PBXShellScriptBuildPhase;
			buildActionMask = 2147483647;
			files = (
			);
			inputPaths = (
				"${SRCROOT}/Pods/Target Support Files/Pods-scribbleNative/Pods-scribbleNative-frameworks.sh",
				"${BUILT_PRODUCTS_DIR}/Alamofire/Alamofire.framework",
				"${BUILT_PRODUCTS_DIR}/CocoaAsyncSocket/CocoaAsyncSocket.framework",
				"${BUILT_PRODUCTS_DIR}/JPSVolumeButtonHandler/JPSVolumeButtonHandler.framework",
				"${BUILT_PRODUCTS_DIR}/Starscream/Starscream.framework",
				"${BUILT_PRODUCTS_DIR}/SwiftyJSON/SwiftyJSON.framework",
			);
			name = "[CP] Embed Pods Frameworks";
			outputPaths = (
				"${TARGET_BUILD_DIR}/${FRAMEWORKS_FOLDER_PATH}/Alamofire.framework",
				"${TARGET_BUILD_DIR}/${FRAMEWORKS_FOLDER_PATH}/CocoaAsyncSocket.framework",
				"${TARGET_BUILD_DIR}/${FRAMEWORKS_FOLDER_PATH}/JPSVolumeButtonHandler.framework",
				"${TARGET_BUILD_DIR}/${FRAMEWORKS_FOLDER_PATH}/Starscream.framework",
				"${TARGET_BUILD_DIR}/${FRAMEWORKS_FOLDER_PATH}/SwiftyJSON.framework",
			);
			runOnlyForDeploymentPostprocessing = 0;
			shellPath = /bin/sh;
			shellScript = "\"${SRCROOT}/Pods/Target Support Files/Pods-scribbleNative/Pods-scribbleNative-frameworks.sh\"\n";
			showEnvVarsInLog = 0;
		};
		BE02C30ADA99C0F9CF3655F3 /* [CP] Check Pods Manifest.lock */ = {
			isa = PBXShellScriptBuildPhase;
			buildActionMask = 2147483647;
			files = (
			);
			inputPaths = (
				"${PODS_PODFILE_DIR_PATH}/Podfile.lock",
				"${PODS_ROOT}/Manifest.lock",
			);
			name = "[CP] Check Pods Manifest.lock";
			outputPaths = (
				"$(DERIVED_FILE_DIR)/Pods-scribbleNative-checkManifestLockResult.txt",
			);
			runOnlyForDeploymentPostprocessing = 0;
			shellPath = /bin/sh;
			shellScript = "diff \"${PODS_PODFILE_DIR_PATH}/Podfile.lock\" \"${PODS_ROOT}/Manifest.lock\" > /dev/null\nif [ $? != 0 ] ; then\n    # print error to STDERR\n    echo \"error: The sandbox is not in sync with the Podfile.lock. Run 'pod install' or update your CocoaPods installation.\" >&2\n    exit 1\nfi\n# This output is used by Xcode 'outputs' to avoid re-running this script phase.\necho \"SUCCESS\" > \"${SCRIPT_OUTPUT_FILE_0}\"\n";
			showEnvVarsInLog = 0;
		};
/* End PBXShellScriptBuildPhase section */

/* Begin PBXSourcesBuildPhase section */
		AA9D1EDE207A9DEE005AA382 /* Sources */ = {
			isa = PBXSourcesBuildPhase;
			buildActionMask = 2147483647;
			files = (
				52BA0674208ACB1000414912 /* RecognitionAPI.swift in Sources */,
				AA9D1EE8207A9DEE005AA382 /* ViewController.swift in Sources */,
				AA9D1EE6207A9DEE005AA382 /* AppDelegate.swift in Sources */,
				AAEF40BB207AAEB000E0C644 /* ScribbleView.swift in Sources */,
				520ED4FC208EEC14007C53B5 /* Path.swift in Sources */,
				27945CE4209AD26C008FFAF8 /* PortraitView.swift in Sources */,
				27275814208F08E400DECFF2 /* NetworkDelegate.swift in Sources */,
				AAEF40BF207AAF7C00E0C644 /* Stroke.swift in Sources */,
				52882C8720AFA1BE0040A80C /* Constants.swift in Sources */,
			);
			runOnlyForDeploymentPostprocessing = 0;
		};
		AA9D1EF2207A9DF0005AA382 /* Sources */ = {
			isa = PBXSourcesBuildPhase;
			buildActionMask = 2147483647;
			files = (
				AA9D1EFB207A9DF0005AA382 /* scribbleNativeTests.swift in Sources */,
			);
			runOnlyForDeploymentPostprocessing = 0;
		};
		AA9D1EFD207A9DF0005AA382 /* Sources */ = {
			isa = PBXSourcesBuildPhase;
			buildActionMask = 2147483647;
			files = (
				AA9D1F06207A9DF0005AA382 /* scribbleNativeUITests.swift in Sources */,
			);
			runOnlyForDeploymentPostprocessing = 0;
		};
/* End PBXSourcesBuildPhase section */

/* Begin PBXTargetDependency section */
		AA9D1EF8207A9DF0005AA382 /* PBXTargetDependency */ = {
			isa = PBXTargetDependency;
			target = AA9D1EE1207A9DEE005AA382 /* scribbleNative */;
			targetProxy = AA9D1EF7207A9DF0005AA382 /* PBXContainerItemProxy */;
		};
		AA9D1F03207A9DF0005AA382 /* PBXTargetDependency */ = {
			isa = PBXTargetDependency;
			target = AA9D1EE1207A9DEE005AA382 /* scribbleNative */;
			targetProxy = AA9D1F02207A9DF0005AA382 /* PBXContainerItemProxy */;
		};
/* End PBXTargetDependency section */

/* Begin PBXVariantGroup section */
		AA9D1EE9207A9DEE005AA382 /* Main.storyboard */ = {
			isa = PBXVariantGroup;
			children = (
				AA9D1EEA207A9DEE005AA382 /* Base */,
			);
			name = Main.storyboard;
			sourceTree = "<group>";
		};
		AA9D1EEE207A9DEF005AA382 /* LaunchScreen.storyboard */ = {
			isa = PBXVariantGroup;
			children = (
				AA9D1EEF207A9DEF005AA382 /* Base */,
			);
			name = LaunchScreen.storyboard;
			sourceTree = "<group>";
		};
/* End PBXVariantGroup section */

/* Begin XCBuildConfiguration section */
		AA9D1F08207A9DF0005AA382 /* Debug */ = {
			isa = XCBuildConfiguration;
			buildSettings = {
				ALWAYS_SEARCH_USER_PATHS = NO;
				CLANG_ANALYZER_NONNULL = YES;
				CLANG_ANALYZER_NUMBER_OBJECT_CONVERSION = YES_AGGRESSIVE;
				CLANG_CXX_LANGUAGE_STANDARD = "gnu++14";
				CLANG_CXX_LIBRARY = "libc++";
				CLANG_ENABLE_MODULES = YES;
				CLANG_ENABLE_OBJC_ARC = YES;
				CLANG_ENABLE_OBJC_WEAK = YES;
				CLANG_WARN_BLOCK_CAPTURE_AUTORELEASING = YES;
				CLANG_WARN_BOOL_CONVERSION = YES;
				CLANG_WARN_COMMA = YES;
				CLANG_WARN_CONSTANT_CONVERSION = YES;
				CLANG_WARN_DEPRECATED_OBJC_IMPLEMENTATIONS = YES;
				CLANG_WARN_DIRECT_OBJC_ISA_USAGE = YES_ERROR;
				CLANG_WARN_DOCUMENTATION_COMMENTS = YES;
				CLANG_WARN_EMPTY_BODY = YES;
				CLANG_WARN_ENUM_CONVERSION = YES;
				CLANG_WARN_INFINITE_RECURSION = YES;
				CLANG_WARN_INT_CONVERSION = YES;
				CLANG_WARN_NON_LITERAL_NULL_CONVERSION = YES;
				CLANG_WARN_OBJC_IMPLICIT_RETAIN_SELF = YES;
				CLANG_WARN_OBJC_LITERAL_CONVERSION = YES;
				CLANG_WARN_OBJC_ROOT_CLASS = YES_ERROR;
				CLANG_WARN_RANGE_LOOP_ANALYSIS = YES;
				CLANG_WARN_STRICT_PROTOTYPES = YES;
				CLANG_WARN_SUSPICIOUS_MOVE = YES;
				CLANG_WARN_UNGUARDED_AVAILABILITY = YES_AGGRESSIVE;
				CLANG_WARN_UNREACHABLE_CODE = YES;
				CLANG_WARN__DUPLICATE_METHOD_MATCH = YES;
				CODE_SIGN_IDENTITY = "iPhone Developer";
				COPY_PHASE_STRIP = NO;
				DEBUG_INFORMATION_FORMAT = dwarf;
				ENABLE_STRICT_OBJC_MSGSEND = YES;
				ENABLE_TESTABILITY = YES;
				GCC_C_LANGUAGE_STANDARD = gnu11;
				GCC_DYNAMIC_NO_PIC = NO;
				GCC_NO_COMMON_BLOCKS = YES;
				GCC_OPTIMIZATION_LEVEL = 0;
				GCC_PREPROCESSOR_DEFINITIONS = (
					"DEBUG=1",
					"$(inherited)",
				);
				GCC_WARN_64_TO_32_BIT_CONVERSION = YES;
				GCC_WARN_ABOUT_RETURN_TYPE = YES_ERROR;
				GCC_WARN_UNDECLARED_SELECTOR = YES;
				GCC_WARN_UNINITIALIZED_AUTOS = YES_AGGRESSIVE;
				GCC_WARN_UNUSED_FUNCTION = YES;
				GCC_WARN_UNUSED_VARIABLE = YES;
				IPHONEOS_DEPLOYMENT_TARGET = 11.3;
				MTL_ENABLE_DEBUG_INFO = YES;
				ONLY_ACTIVE_ARCH = YES;
				SDKROOT = iphoneos;
				SWIFT_ACTIVE_COMPILATION_CONDITIONS = DEBUG;
				SWIFT_OPTIMIZATION_LEVEL = "-Onone";
			};
			name = Debug;
		};
		AA9D1F09207A9DF0005AA382 /* Release */ = {
			isa = XCBuildConfiguration;
			buildSettings = {
				ALWAYS_SEARCH_USER_PATHS = NO;
				CLANG_ANALYZER_NONNULL = YES;
				CLANG_ANALYZER_NUMBER_OBJECT_CONVERSION = YES_AGGRESSIVE;
				CLANG_CXX_LANGUAGE_STANDARD = "gnu++14";
				CLANG_CXX_LIBRARY = "libc++";
				CLANG_ENABLE_MODULES = YES;
				CLANG_ENABLE_OBJC_ARC = YES;
				CLANG_ENABLE_OBJC_WEAK = YES;
				CLANG_WARN_BLOCK_CAPTURE_AUTORELEASING = YES;
				CLANG_WARN_BOOL_CONVERSION = YES;
				CLANG_WARN_COMMA = YES;
				CLANG_WARN_CONSTANT_CONVERSION = YES;
				CLANG_WARN_DEPRECATED_OBJC_IMPLEMENTATIONS = YES;
				CLANG_WARN_DIRECT_OBJC_ISA_USAGE = YES_ERROR;
				CLANG_WARN_DOCUMENTATION_COMMENTS = YES;
				CLANG_WARN_EMPTY_BODY = YES;
				CLANG_WARN_ENUM_CONVERSION = YES;
				CLANG_WARN_INFINITE_RECURSION = YES;
				CLANG_WARN_INT_CONVERSION = YES;
				CLANG_WARN_NON_LITERAL_NULL_CONVERSION = YES;
				CLANG_WARN_OBJC_IMPLICIT_RETAIN_SELF = YES;
				CLANG_WARN_OBJC_LITERAL_CONVERSION = YES;
				CLANG_WARN_OBJC_ROOT_CLASS = YES_ERROR;
				CLANG_WARN_RANGE_LOOP_ANALYSIS = YES;
				CLANG_WARN_STRICT_PROTOTYPES = YES;
				CLANG_WARN_SUSPICIOUS_MOVE = YES;
				CLANG_WARN_UNGUARDED_AVAILABILITY = YES_AGGRESSIVE;
				CLANG_WARN_UNREACHABLE_CODE = YES;
				CLANG_WARN__DUPLICATE_METHOD_MATCH = YES;
				CODE_SIGN_IDENTITY = "iPhone Developer";
				COPY_PHASE_STRIP = NO;
				DEBUG_INFORMATION_FORMAT = "dwarf-with-dsym";
				ENABLE_NS_ASSERTIONS = NO;
				ENABLE_STRICT_OBJC_MSGSEND = YES;
				GCC_C_LANGUAGE_STANDARD = gnu11;
				GCC_NO_COMMON_BLOCKS = YES;
				GCC_WARN_64_TO_32_BIT_CONVERSION = YES;
				GCC_WARN_ABOUT_RETURN_TYPE = YES_ERROR;
				GCC_WARN_UNDECLARED_SELECTOR = YES;
				GCC_WARN_UNINITIALIZED_AUTOS = YES_AGGRESSIVE;
				GCC_WARN_UNUSED_FUNCTION = YES;
				GCC_WARN_UNUSED_VARIABLE = YES;
				IPHONEOS_DEPLOYMENT_TARGET = 11.3;
				MTL_ENABLE_DEBUG_INFO = NO;
				SDKROOT = iphoneos;
				SWIFT_COMPILATION_MODE = wholemodule;
				SWIFT_OPTIMIZATION_LEVEL = "-O";
				VALIDATE_PRODUCT = YES;
			};
			name = Release;
		};
		AA9D1F0B207A9DF0005AA382 /* Debug */ = {
			isa = XCBuildConfiguration;
			baseConfigurationReference = D467144F9A1528ABD285C488 /* Pods-scribbleNative.debug.xcconfig */;
			buildSettings = {
				ASSETCATALOG_COMPILER_APPICON_NAME = AppIcon;
				CODE_SIGN_ENTITLEMENTS = scribbleNative/scribbleNative.entitlements;
				CODE_SIGN_STYLE = Automatic;
				DEVELOPMENT_TEAM = 7WSG8CR6J3;
				INFOPLIST_FILE = scribbleNative/Info.plist;
				LD_RUNPATH_SEARCH_PATHS = (
					"$(inherited)",
					"@executable_path/Frameworks",
				);
				PRODUCT_BUNDLE_IDENTIFIER = com.mirage.scribble;
				PRODUCT_NAME = "$(TARGET_NAME)";
				SWIFT_VERSION = 4.0;
				TARGETED_DEVICE_FAMILY = "1,2";
			};
			name = Debug;
		};
		AA9D1F0C207A9DF0005AA382 /* Release */ = {
			isa = XCBuildConfiguration;
			baseConfigurationReference = D517498672E4CC53D7E10770 /* Pods-scribbleNative.release.xcconfig */;
			buildSettings = {
				ASSETCATALOG_COMPILER_APPICON_NAME = AppIcon;
				CODE_SIGN_ENTITLEMENTS = scribbleNative/scribbleNative.entitlements;
				CODE_SIGN_STYLE = Automatic;
				DEVELOPMENT_TEAM = 7WSG8CR6J3;
				INFOPLIST_FILE = scribbleNative/Info.plist;
				LD_RUNPATH_SEARCH_PATHS = (
					"$(inherited)",
					"@executable_path/Frameworks",
				);
				PRODUCT_BUNDLE_IDENTIFIER = com.mirage.scribble;
				PRODUCT_NAME = "$(TARGET_NAME)";
				SWIFT_VERSION = 4.0;
				TARGETED_DEVICE_FAMILY = "1,2";
			};
			name = Release;
		};
		AA9D1F0E207A9DF0005AA382 /* Debug */ = {
			isa = XCBuildConfiguration;
			buildSettings = {
				ALWAYS_EMBED_SWIFT_STANDARD_LIBRARIES = YES;
				BUNDLE_LOADER = "$(TEST_HOST)";
				CODE_SIGN_STYLE = Automatic;
				INFOPLIST_FILE = scribbleNativeTests/Info.plist;
				LD_RUNPATH_SEARCH_PATHS = (
					"$(inherited)",
					"@executable_path/Frameworks",
					"@loader_path/Frameworks",
				);
				PRODUCT_BUNDLE_IDENTIFIER = cvaladez.scribbleNativeTests;
				PRODUCT_NAME = "$(TARGET_NAME)";
				SWIFT_VERSION = 4.0;
				TARGETED_DEVICE_FAMILY = "1,2";
				TEST_HOST = "$(BUILT_PRODUCTS_DIR)/scribbleNative.app/scribbleNative";
			};
			name = Debug;
		};
		AA9D1F0F207A9DF0005AA382 /* Release */ = {
			isa = XCBuildConfiguration;
			buildSettings = {
				ALWAYS_EMBED_SWIFT_STANDARD_LIBRARIES = YES;
				BUNDLE_LOADER = "$(TEST_HOST)";
				CODE_SIGN_STYLE = Automatic;
				INFOPLIST_FILE = scribbleNativeTests/Info.plist;
				LD_RUNPATH_SEARCH_PATHS = (
					"$(inherited)",
					"@executable_path/Frameworks",
					"@loader_path/Frameworks",
				);
				PRODUCT_BUNDLE_IDENTIFIER = cvaladez.scribbleNativeTests;
				PRODUCT_NAME = "$(TARGET_NAME)";
				SWIFT_VERSION = 4.0;
				TARGETED_DEVICE_FAMILY = "1,2";
				TEST_HOST = "$(BUILT_PRODUCTS_DIR)/scribbleNative.app/scribbleNative";
			};
			name = Release;
		};
		AA9D1F11207A9DF0005AA382 /* Debug */ = {
			isa = XCBuildConfiguration;
			buildSettings = {
				ALWAYS_EMBED_SWIFT_STANDARD_LIBRARIES = YES;
				CODE_SIGN_STYLE = Automatic;
				INFOPLIST_FILE = scribbleNativeUITests/Info.plist;
				LD_RUNPATH_SEARCH_PATHS = (
					"$(inherited)",
					"@executable_path/Frameworks",
					"@loader_path/Frameworks",
				);
				PRODUCT_BUNDLE_IDENTIFIER = cvaladez.scribbleNativeUITests;
				PRODUCT_NAME = "$(TARGET_NAME)";
				SWIFT_VERSION = 4.0;
				TARGETED_DEVICE_FAMILY = "1,2";
				TEST_TARGET_NAME = scribbleNative;
			};
			name = Debug;
		};
		AA9D1F12207A9DF0005AA382 /* Release */ = {
			isa = XCBuildConfiguration;
			buildSettings = {
				ALWAYS_EMBED_SWIFT_STANDARD_LIBRARIES = YES;
				CODE_SIGN_STYLE = Automatic;
				INFOPLIST_FILE = scribbleNativeUITests/Info.plist;
				LD_RUNPATH_SEARCH_PATHS = (
					"$(inherited)",
					"@executable_path/Frameworks",
					"@loader_path/Frameworks",
				);
				PRODUCT_BUNDLE_IDENTIFIER = cvaladez.scribbleNativeUITests;
				PRODUCT_NAME = "$(TARGET_NAME)";
				SWIFT_VERSION = 4.0;
				TARGETED_DEVICE_FAMILY = "1,2";
				TEST_TARGET_NAME = scribbleNative;
			};
			name = Release;
		};
/* End XCBuildConfiguration section */

/* Begin XCConfigurationList section */
		AA9D1EDD207A9DEE005AA382 /* Build configuration list for PBXProject "scribbleNative" */ = {
			isa = XCConfigurationList;
			buildConfigurations = (
				AA9D1F08207A9DF0005AA382 /* Debug */,
				AA9D1F09207A9DF0005AA382 /* Release */,
			);
			defaultConfigurationIsVisible = 0;
			defaultConfigurationName = Release;
		};
		AA9D1F0A207A9DF0005AA382 /* Build configuration list for PBXNativeTarget "scribbleNative" */ = {
			isa = XCConfigurationList;
			buildConfigurations = (
				AA9D1F0B207A9DF0005AA382 /* Debug */,
				AA9D1F0C207A9DF0005AA382 /* Release */,
			);
			defaultConfigurationIsVisible = 0;
			defaultConfigurationName = Release;
		};
		AA9D1F0D207A9DF0005AA382 /* Build configuration list for PBXNativeTarget "scribbleNativeTests" */ = {
			isa = XCConfigurationList;
			buildConfigurations = (
				AA9D1F0E207A9DF0005AA382 /* Debug */,
				AA9D1F0F207A9DF0005AA382 /* Release */,
			);
			defaultConfigurationIsVisible = 0;
			defaultConfigurationName = Release;
		};
		AA9D1F10207A9DF0005AA382 /* Build configuration list for PBXNativeTarget "scribbleNativeUITests" */ = {
			isa = XCConfigurationList;
			buildConfigurations = (
				AA9D1F11207A9DF0005AA382 /* Debug */,
				AA9D1F12207A9DF0005AA382 /* Release */,
			);
			defaultConfigurationIsVisible = 0;
			defaultConfigurationName = Release;
		};
/* End XCConfigurationList section */
	};
	rootObject = AA9D1EDA207A9DEE005AA382 /* Project object */;
}
